// !$*UTF8*$!
{
	archiveVersion = 1;
	classes = {
	};
	objectVersion = 77;
	objects = {

/* Begin PBXBuildFile section */
		A06264282E899CC500338507 /* VCStubs in Frameworks */ = {isa = PBXBuildFile; productRef = A06264272E899CC500338507 /* VCStubs */; };
		A06267182E918AA900338507 /* OpenTelemetryApi in Frameworks */ = {isa = PBXBuildFile; productRef = A06267172E918AA900338507 /* OpenTelemetryApi */; };
		A062671A2E918AA900338507 /* OpenTelemetryConcurrency in Frameworks */ = {isa = PBXBuildFile; productRef = A06267192E918AA900338507 /* OpenTelemetryConcurrency */; };
		A062671C2E918AA900338507 /* OpenTelemetrySdk in Frameworks */ = {isa = PBXBuildFile; productRef = A062671B2E918AA900338507 /* OpenTelemetrySdk */; };
		A062671E2E918AA900338507 /* StdoutExporter in Frameworks */ = {isa = PBXBuildFile; productRef = A062671D2E918AA900338507 /* StdoutExporter */; };
		A06267202E918AA900338507 /* ConcurrencyContext in Frameworks */ = {isa = PBXBuildFile; productRef = A062671F2E918AA900338507 /* ConcurrencyContext */; };
		A06267242E918B0E00338507 /* BaggagePropagationProcessor in Frameworks */ = {isa = PBXBuildFile; productRef = A06267232E918B0E00338507 /* BaggagePropagationProcessor */; };
		A06267262E918B0E00338507 /* InMemoryExporter in Frameworks */ = {isa = PBXBuildFile; productRef = A06267252E918B0E00338507 /* InMemoryExporter */; };
		A06267282E918B0E00338507 /* JaegerExporter in Frameworks */ = {isa = PBXBuildFile; productRef = A06267272E918B0E00338507 /* JaegerExporter */; };
		A062672A2E918B0E00338507 /* NetworkStatus in Frameworks */ = {isa = PBXBuildFile; productRef = A06267292E918B0E00338507 /* NetworkStatus */; };
		A062672C2E918B0E00338507 /* OTelSwiftLog in Frameworks */ = {isa = PBXBuildFile; productRef = A062672B2E918B0E00338507 /* OTelSwiftLog */; };
		A062672E2E918B2400338507 /* OpenTelemetryProtocolExporterHTTP in Frameworks */ = {isa = PBXBuildFile; productRef = A062672D2E918B2400338507 /* OpenTelemetryProtocolExporterHTTP */; };
		A06956302E8613C7007838E7 /* GRPCCodeGen in Frameworks */ = {isa = PBXBuildFile; productRef = A069562F2E8613C7007838E7 /* GRPCCodeGen */; };
		A06956342E8613C7007838E7 /* GRPCInProcessTransport in Frameworks */ = {isa = PBXBuildFile; productRef = A06956332E8613C7007838E7 /* GRPCInProcessTransport */; };
		A06956372E8613E7007838E7 /* GRPCNIOTransportHTTP2 in Frameworks */ = {isa = PBXBuildFile; productRef = A06956362E8613E7007838E7 /* GRPCNIOTransportHTTP2 */; };
		A06956392E8613E7007838E7 /* GRPCNIOTransportHTTP2Posix in Frameworks */ = {isa = PBXBuildFile; productRef = A06956382E8613E7007838E7 /* GRPCNIOTransportHTTP2Posix */; };
		A069563B2E8613E7007838E7 /* GRPCNIOTransportHTTP2TransportServices in Frameworks */ = {isa = PBXBuildFile; productRef = A069563A2E8613E7007838E7 /* GRPCNIOTransportHTTP2TransportServices */; };
		A069563E2E861449007838E7 /* SwiftProtobuf in Frameworks */ = {isa = PBXBuildFile; productRef = A069563D2E861449007838E7 /* SwiftProtobuf */; };
		A06956402E861449007838E7 /* SwiftProtobufPluginLibrary in Frameworks */ = {isa = PBXBuildFile; productRef = A069563F2E861449007838E7 /* SwiftProtobufPluginLibrary */; };
		A06956472E86145B007838E7 /* GRPCProtobuf in Frameworks */ = {isa = PBXBuildFile; productRef = A06956462E86145B007838E7 /* GRPCProtobuf */; };
		A06956492E86145B007838E7 /* protoc-gen-grpc-swift-2 in Frameworks */ = {isa = PBXBuildFile; productRef = A06956482E86145B007838E7 /* protoc-gen-grpc-swift-2 */; };
/* End PBXBuildFile section */

/* Begin PBXContainerItemProxy section */
		A0E35D222E824FC90028D792 /* PBXContainerItemProxy */ = {
			isa = PBXContainerItemProxy;
			containerPortal = A0E35D0B2E824FC80028D792 /* Project object */;
			proxyType = 1;
			remoteGlobalIDString = A0E35D122E824FC80028D792;
			remoteInfo = vibecare;
		};
		A0E35D2C2E824FC90028D792 /* PBXContainerItemProxy */ = {
			isa = PBXContainerItemProxy;
			containerPortal = A0E35D0B2E824FC80028D792 /* Project object */;
			proxyType = 1;
			remoteGlobalIDString = A0E35D122E824FC80028D792;
			remoteInfo = vibecare;
		};
/* End PBXContainerItemProxy section */

/* Begin PBXFileReference section */
		A0E35D132E824FC80028D792 /* vibecare.app */ = {isa = PBXFileReference; explicitFileType = wrapper.application; includeInIndex = 0; path = vibecare.app; sourceTree = BUILT_PRODUCTS_DIR; };
		A0E35D212E824FC90028D792 /* vibecareTests.xctest */ = {isa = PBXFileReference; explicitFileType = wrapper.cfbundle; includeInIndex = 0; path = vibecareTests.xctest; sourceTree = BUILT_PRODUCTS_DIR; };
		A0E35D2B2E824FC90028D792 /* vibecareUITests.xctest */ = {isa = PBXFileReference; explicitFileType = wrapper.cfbundle; includeInIndex = 0; path = vibecareUITests.xctest; sourceTree = BUILT_PRODUCTS_DIR; };
/* End PBXFileReference section */

/* Begin PBXFileSystemSynchronizedRootGroup section */
		A0E35D152E824FC80028D792 /* vibecare */ = {
			isa = PBXFileSystemSynchronizedRootGroup;
			path = vibecare;
			sourceTree = "<group>";
		};
		A0E35D242E824FC90028D792 /* vibecareTests */ = {
			isa = PBXFileSystemSynchronizedRootGroup;
			path = vibecareTests;
			sourceTree = "<group>";
		};
		A0E35D2E2E824FC90028D792 /* vibecareUITests */ = {
			isa = PBXFileSystemSynchronizedRootGroup;
			path = vibecareUITests;
			sourceTree = "<group>";
		};
/* End PBXFileSystemSynchronizedRootGroup section */

/* Begin PBXFrameworksBuildPhase section */
		A0E35D102E824FC80028D792 /* Frameworks */ = {
			isa = PBXFrameworksBuildPhase;
			buildActionMask = 2147483647;
			files = (
				A06267262E918B0E00338507 /* InMemoryExporter in Frameworks */,
				A06267282E918B0E00338507 /* JaegerExporter in Frameworks */,
				A062671A2E918AA900338507 /* OpenTelemetryConcurrency in Frameworks */,
				A062672C2E918B0E00338507 /* OTelSwiftLog in Frameworks */,
				A062672E2E918B2400338507 /* OpenTelemetryProtocolExporterHTTP in Frameworks */,
				A06956392E8613E7007838E7 /* GRPCNIOTransportHTTP2Posix in Frameworks */,
				A06956302E8613C7007838E7 /* GRPCCodeGen in Frameworks */,
				A062672A2E918B0E00338507 /* NetworkStatus in Frameworks */,
				A06956492E86145B007838E7 /* protoc-gen-grpc-swift-2 in Frameworks */,
				A06267182E918AA900338507 /* OpenTelemetryApi in Frameworks */,
				A062671C2E918AA900338507 /* OpenTelemetrySdk in Frameworks */,
				A06956372E8613E7007838E7 /* GRPCNIOTransportHTTP2 in Frameworks */,
				A06267202E918AA900338507 /* ConcurrencyContext in Frameworks */,
				A06956402E861449007838E7 /* SwiftProtobufPluginLibrary in Frameworks */,
				A062671E2E918AA900338507 /* StdoutExporter in Frameworks */,
				A069563B2E8613E7007838E7 /* GRPCNIOTransportHTTP2TransportServices in Frameworks */,
				A069563E2E861449007838E7 /* SwiftProtobuf in Frameworks */,
				A06264282E899CC500338507 /* VCStubs in Frameworks */,
				A06267242E918B0E00338507 /* BaggagePropagationProcessor in Frameworks */,
				A06956342E8613C7007838E7 /* GRPCInProcessTransport in Frameworks */,
				A06956472E86145B007838E7 /* GRPCProtobuf in Frameworks */,
			);
			runOnlyForDeploymentPostprocessing = 0;
		};
		A0E35D1E2E824FC90028D792 /* Frameworks */ = {
			isa = PBXFrameworksBuildPhase;
			buildActionMask = 2147483647;
			files = (
			);
			runOnlyForDeploymentPostprocessing = 0;
		};
		A0E35D282E824FC90028D792 /* Frameworks */ = {
			isa = PBXFrameworksBuildPhase;
			buildActionMask = 2147483647;
			files = (
			);
			runOnlyForDeploymentPostprocessing = 0;
		};
/* End PBXFrameworksBuildPhase section */

/* Begin PBXGroup section */
		A06267212E918AD900338507 /* Frameworks */ = {
			isa = PBXGroup;
			children = (
			);
			name = Frameworks;
			sourceTree = "<group>";
		};
		A0E35D0A2E824FC80028D792 = {
			isa = PBXGroup;
			children = (
				A0E35D152E824FC80028D792 /* vibecare */,
				A0E35D242E824FC90028D792 /* vibecareTests */,
				A0E35D2E2E824FC90028D792 /* vibecareUITests */,
				A06267212E918AD900338507 /* Frameworks */,
				A0E35D142E824FC80028D792 /* Products */,
			);
			sourceTree = "<group>";
		};
		A0E35D142E824FC80028D792 /* Products */ = {
			isa = PBXGroup;
			children = (
				A0E35D132E824FC80028D792 /* vibecare.app */,
				A0E35D212E824FC90028D792 /* vibecareTests.xctest */,
				A0E35D2B2E824FC90028D792 /* vibecareUITests.xctest */,
			);
			name = Products;
			sourceTree = "<group>";
		};
/* End PBXGroup section */

/* Begin PBXNativeTarget section */
		A0E35D122E824FC80028D792 /* vibecare */ = {
			isa = PBXNativeTarget;
			buildConfigurationList = A0E35D352E824FC90028D792 /* Build configuration list for PBXNativeTarget "vibecare" */;
			buildPhases = (
				A0E35D0F2E824FC80028D792 /* Sources */,
				A0E35D102E824FC80028D792 /* Frameworks */,
				A0E35D112E824FC80028D792 /* Resources */,
			);
			buildRules = (
			);
			dependencies = (
			);
			fileSystemSynchronizedGroups = (
				A0E35D152E824FC80028D792 /* vibecare */,
			);
			name = vibecare;
			packageProductDependencies = (
				A069562F2E8613C7007838E7 /* GRPCCodeGen */,
				A06956332E8613C7007838E7 /* GRPCInProcessTransport */,
				A06956362E8613E7007838E7 /* GRPCNIOTransportHTTP2 */,
				A06956382E8613E7007838E7 /* GRPCNIOTransportHTTP2Posix */,
				A069563A2E8613E7007838E7 /* GRPCNIOTransportHTTP2TransportServices */,
				A069563D2E861449007838E7 /* SwiftProtobuf */,
				A069563F2E861449007838E7 /* SwiftProtobufPluginLibrary */,
				A06956462E86145B007838E7 /* GRPCProtobuf */,
				A06956482E86145B007838E7 /* protoc-gen-grpc-swift-2 */,
				A06264272E899CC500338507 /* VCStubs */,
				A06267172E918AA900338507 /* OpenTelemetryApi */,
				A06267192E918AA900338507 /* OpenTelemetryConcurrency */,
				A062671B2E918AA900338507 /* OpenTelemetrySdk */,
				A062671D2E918AA900338507 /* StdoutExporter */,
				A062671F2E918AA900338507 /* ConcurrencyContext */,
				A06267232E918B0E00338507 /* BaggagePropagationProcessor */,
				A06267252E918B0E00338507 /* InMemoryExporter */,
				A06267272E918B0E00338507 /* JaegerExporter */,
				A06267292E918B0E00338507 /* NetworkStatus */,
				A062672B2E918B0E00338507 /* OTelSwiftLog */,
				A062672D2E918B2400338507 /* OpenTelemetryProtocolExporterHTTP */,
			);
			productName = vibecare;
			productReference = A0E35D132E824FC80028D792 /* vibecare.app */;
			productType = "com.apple.product-type.application";
		};
		A0E35D202E824FC90028D792 /* vibecareTests */ = {
			isa = PBXNativeTarget;
			buildConfigurationList = A0E35D382E824FC90028D792 /* Build configuration list for PBXNativeTarget "vibecareTests" */;
			buildPhases = (
				A0E35D1D2E824FC90028D792 /* Sources */,
				A0E35D1E2E824FC90028D792 /* Frameworks */,
				A0E35D1F2E824FC90028D792 /* Resources */,
			);
			buildRules = (
			);
			dependencies = (
				A0E35D232E824FC90028D792 /* PBXTargetDependency */,
			);
			fileSystemSynchronizedGroups = (
				A0E35D242E824FC90028D792 /* vibecareTests */,
			);
			name = vibecareTests;
			packageProductDependencies = (
			);
			productName = vibecareTests;
			productReference = A0E35D212E824FC90028D792 /* vibecareTests.xctest */;
			productType = "com.apple.product-type.bundle.unit-test";
		};
		A0E35D2A2E824FC90028D792 /* vibecareUITests */ = {
			isa = PBXNativeTarget;
			buildConfigurationList = A0E35D3B2E824FC90028D792 /* Build configuration list for PBXNativeTarget "vibecareUITests" */;
			buildPhases = (
				A0E35D272E824FC90028D792 /* Sources */,
				A0E35D282E824FC90028D792 /* Frameworks */,
				A0E35D292E824FC90028D792 /* Resources */,
			);
			buildRules = (
			);
			dependencies = (
				A0E35D2D2E824FC90028D792 /* PBXTargetDependency */,
			);
			fileSystemSynchronizedGroups = (
				A0E35D2E2E824FC90028D792 /* vibecareUITests */,
			);
			name = vibecareUITests;
			packageProductDependencies = (
			);
			productName = vibecareUITests;
			productReference = A0E35D2B2E824FC90028D792 /* vibecareUITests.xctest */;
			productType = "com.apple.product-type.bundle.ui-testing";
		};
/* End PBXNativeTarget section */

/* Begin PBXProject section */
		A0E35D0B2E824FC80028D792 /* Project object */ = {
			isa = PBXProject;
			attributes = {
				BuildIndependentTargetsInParallel = 1;
				LastSwiftUpdateCheck = 1640;
				LastUpgradeCheck = 1640;
				TargetAttributes = {
					A0E35D122E824FC80028D792 = {
						CreatedOnToolsVersion = 16.4;
					};
					A0E35D202E824FC90028D792 = {
						CreatedOnToolsVersion = 16.4;
						TestTargetID = A0E35D122E824FC80028D792;
					};
					A0E35D2A2E824FC90028D792 = {
						CreatedOnToolsVersion = 16.4;
						TestTargetID = A0E35D122E824FC80028D792;
					};
				};
			};
			buildConfigurationList = A0E35D0E2E824FC80028D792 /* Build configuration list for PBXProject "vibecare" */;
			developmentRegion = en;
			hasScannedForEncodings = 0;
			knownRegions = (
				en,
				Base,
			);
			mainGroup = A0E35D0A2E824FC80028D792;
			minimizedProjectReferenceProxies = 1;
			packageReferences = (
				A069562E2E8613C7007838E7 /* XCRemoteSwiftPackageReference "grpc-swift-2" */,
				A06956352E8613E7007838E7 /* XCRemoteSwiftPackageReference "grpc-swift-nio-transport" */,
				A069563C2E861449007838E7 /* XCRemoteSwiftPackageReference "swift-protobuf" */,
				A06956452E86145B007838E7 /* XCRemoteSwiftPackageReference "grpc-swift-protobuf" */,
				A06264262E899CC500338507 /* XCLocalSwiftPackageReference "../VibeCare" */,
				A06267162E918AA900338507 /* XCRemoteSwiftPackageReference "opentelemetry-swift-core" */,
				A06267222E918B0E00338507 /* XCRemoteSwiftPackageReference "opentelemetry-swift" */,
			);
			preferredProjectObjectVersion = 77;
			productRefGroup = A0E35D142E824FC80028D792 /* Products */;
			projectDirPath = "";
			projectRoot = "";
			targets = (
				A0E35D122E824FC80028D792 /* vibecare */,
				A0E35D202E824FC90028D792 /* vibecareTests */,
				A0E35D2A2E824FC90028D792 /* vibecareUITests */,
			);
		};
/* End PBXProject section */

/* Begin PBXResourcesBuildPhase section */
		A0E35D112E824FC80028D792 /* Resources */ = {
			isa = PBXResourcesBuildPhase;
			buildActionMask = 2147483647;
			files = (
			);
			runOnlyForDeploymentPostprocessing = 0;
		};
		A0E35D1F2E824FC90028D792 /* Resources */ = {
			isa = PBXResourcesBuildPhase;
			buildActionMask = 2147483647;
			files = (
			);
			runOnlyForDeploymentPostprocessing = 0;
		};
		A0E35D292E824FC90028D792 /* Resources */ = {
			isa = PBXResourcesBuildPhase;
			buildActionMask = 2147483647;
			files = (
			);
			runOnlyForDeploymentPostprocessing = 0;
		};
/* End PBXResourcesBuildPhase section */

/* Begin PBXSourcesBuildPhase section */
		A0E35D0F2E824FC80028D792 /* Sources */ = {
			isa = PBXSourcesBuildPhase;
			buildActionMask = 2147483647;
			files = (
			);
			runOnlyForDeploymentPostprocessing = 0;
		};
		A0E35D1D2E824FC90028D792 /* Sources */ = {
			isa = PBXSourcesBuildPhase;
			buildActionMask = 2147483647;
			files = (
			);
			runOnlyForDeploymentPostprocessing = 0;
		};
		A0E35D272E824FC90028D792 /* Sources */ = {
			isa = PBXSourcesBuildPhase;
			buildActionMask = 2147483647;
			files = (
			);
			runOnlyForDeploymentPostprocessing = 0;
		};
/* End PBXSourcesBuildPhase section */

/* Begin PBXTargetDependency section */
		A0E35D232E824FC90028D792 /* PBXTargetDependency */ = {
			isa = PBXTargetDependency;
			target = A0E35D122E824FC80028D792 /* vibecare */;
			targetProxy = A0E35D222E824FC90028D792 /* PBXContainerItemProxy */;
		};
		A0E35D2D2E824FC90028D792 /* PBXTargetDependency */ = {
			isa = PBXTargetDependency;
			target = A0E35D122E824FC80028D792 /* vibecare */;
			targetProxy = A0E35D2C2E824FC90028D792 /* PBXContainerItemProxy */;
		};
/* End PBXTargetDependency section */

/* Begin XCBuildConfiguration section */
		A0E35D332E824FC90028D792 /* Debug */ = {
			isa = XCBuildConfiguration;
			buildSettings = {
				ALWAYS_SEARCH_USER_PATHS = NO;
				ASSETCATALOG_COMPILER_GENERATE_SWIFT_ASSET_SYMBOL_EXTENSIONS = YES;
				CLANG_ANALYZER_NONNULL = YES;
				CLANG_ANALYZER_NUMBER_OBJECT_CONVERSION = YES_AGGRESSIVE;
				CLANG_CXX_LANGUAGE_STANDARD = "gnu++20";
				CLANG_ENABLE_MODULES = YES;
				CLANG_ENABLE_OBJC_ARC = YES;
				CLANG_ENABLE_OBJC_WEAK = YES;
				CLANG_WARN_BLOCK_CAPTURE_AUTORELEASING = YES;
				CLANG_WARN_BOOL_CONVERSION = YES;
				CLANG_WARN_COMMA = YES;
				CLANG_WARN_CONSTANT_CONVERSION = YES;
				CLANG_WARN_DEPRECATED_OBJC_IMPLEMENTATIONS = YES;
				CLANG_WARN_DIRECT_OBJC_ISA_USAGE = YES_ERROR;
				CLANG_WARN_DOCUMENTATION_COMMENTS = YES;
				CLANG_WARN_EMPTY_BODY = YES;
				CLANG_WARN_ENUM_CONVERSION = YES;
				CLANG_WARN_INFINITE_RECURSION = YES;
				CLANG_WARN_INT_CONVERSION = YES;
				CLANG_WARN_NON_LITERAL_NULL_CONVERSION = YES;
				CLANG_WARN_OBJC_IMPLICIT_RETAIN_SELF = YES;
				CLANG_WARN_OBJC_LITERAL_CONVERSION = YES;
				CLANG_WARN_OBJC_ROOT_CLASS = YES_ERROR;
				CLANG_WARN_QUOTED_INCLUDE_IN_FRAMEWORK_HEADER = YES;
				CLANG_WARN_RANGE_LOOP_ANALYSIS = YES;
				CLANG_WARN_STRICT_PROTOTYPES = YES;
				CLANG_WARN_SUSPICIOUS_MOVE = YES;
				CLANG_WARN_UNGUARDED_AVAILABILITY = YES_AGGRESSIVE;
				CLANG_WARN_UNREACHABLE_CODE = YES;
				CLANG_WARN__DUPLICATE_METHOD_MATCH = YES;
				COPY_PHASE_STRIP = NO;
				DEBUG_INFORMATION_FORMAT = dwarf;
				DEVELOPMENT_TEAM = 8KWZZVH3YS;
				ENABLE_STRICT_OBJC_MSGSEND = YES;
				ENABLE_TESTABILITY = YES;
				ENABLE_USER_SCRIPT_SANDBOXING = YES;
				GCC_C_LANGUAGE_STANDARD = gnu17;
				GCC_DYNAMIC_NO_PIC = NO;
				GCC_NO_COMMON_BLOCKS = YES;
				GCC_OPTIMIZATION_LEVEL = 0;
				GCC_PREPROCESSOR_DEFINITIONS = (
					"DEBUG=1",
					"$(inherited)",
				);
				GCC_WARN_64_TO_32_BIT_CONVERSION = YES;
				GCC_WARN_ABOUT_RETURN_TYPE = YES_ERROR;
				GCC_WARN_UNDECLARED_SELECTOR = YES;
				GCC_WARN_UNINITIALIZED_AUTOS = YES_AGGRESSIVE;
				GCC_WARN_UNUSED_FUNCTION = YES;
				GCC_WARN_UNUSED_VARIABLE = YES;
				LOCALIZATION_PREFERS_STRING_CATALOGS = YES;
				MACOSX_DEPLOYMENT_TARGET = 15.5;
				MTL_ENABLE_DEBUG_INFO = INCLUDE_SOURCE;
				MTL_FAST_MATH = YES;
				ONLY_ACTIVE_ARCH = YES;
				SDKROOT = macosx;
				SWIFT_ACTIVE_COMPILATION_CONDITIONS = "DEBUG $(inherited)";
				SWIFT_OPTIMIZATION_LEVEL = "-Onone";
			};
			name = Debug;
		};
		A0E35D342E824FC90028D792 /* Release */ = {
			isa = XCBuildConfiguration;
			buildSettings = {
				ALWAYS_SEARCH_USER_PATHS = NO;
				ASSETCATALOG_COMPILER_GENERATE_SWIFT_ASSET_SYMBOL_EXTENSIONS = YES;
				CLANG_ANALYZER_NONNULL = YES;
				CLANG_ANALYZER_NUMBER_OBJECT_CONVERSION = YES_AGGRESSIVE;
				CLANG_CXX_LANGUAGE_STANDARD = "gnu++20";
				CLANG_ENABLE_MODULES = YES;
				CLANG_ENABLE_OBJC_ARC = YES;
				CLANG_ENABLE_OBJC_WEAK = YES;
				CLANG_WARN_BLOCK_CAPTURE_AUTORELEASING = YES;
				CLANG_WARN_BOOL_CONVERSION = YES;
				CLANG_WARN_COMMA = YES;
				CLANG_WARN_CONSTANT_CONVERSION = YES;
				CLANG_WARN_DEPRECATED_OBJC_IMPLEMENTATIONS = YES;
				CLANG_WARN_DIRECT_OBJC_ISA_USAGE = YES_ERROR;
				CLANG_WARN_DOCUMENTATION_COMMENTS = YES;
				CLANG_WARN_EMPTY_BODY = YES;
				CLANG_WARN_ENUM_CONVERSION = YES;
				CLANG_WARN_INFINITE_RECURSION = YES;
				CLANG_WARN_INT_CONVERSION = YES;
				CLANG_WARN_NON_LITERAL_NULL_CONVERSION = YES;
				CLANG_WARN_OBJC_IMPLICIT_RETAIN_SELF = YES;
				CLANG_WARN_OBJC_LITERAL_CONVERSION = YES;
				CLANG_WARN_OBJC_ROOT_CLASS = YES_ERROR;
				CLANG_WARN_QUOTED_INCLUDE_IN_FRAMEWORK_HEADER = YES;
				CLANG_WARN_RANGE_LOOP_ANALYSIS = YES;
				CLANG_WARN_STRICT_PROTOTYPES = YES;
				CLANG_WARN_SUSPICIOUS_MOVE = YES;
				CLANG_WARN_UNGUARDED_AVAILABILITY = YES_AGGRESSIVE;
				CLANG_WARN_UNREACHABLE_CODE = YES;
				CLANG_WARN__DUPLICATE_METHOD_MATCH = YES;
				COPY_PHASE_STRIP = NO;
				DEBUG_INFORMATION_FORMAT = "dwarf-with-dsym";
				DEVELOPMENT_TEAM = 8KWZZVH3YS;
				ENABLE_NS_ASSERTIONS = NO;
				ENABLE_STRICT_OBJC_MSGSEND = YES;
				ENABLE_USER_SCRIPT_SANDBOXING = YES;
				GCC_C_LANGUAGE_STANDARD = gnu17;
				GCC_NO_COMMON_BLOCKS = YES;
				GCC_WARN_64_TO_32_BIT_CONVERSION = YES;
				GCC_WARN_ABOUT_RETURN_TYPE = YES_ERROR;
				GCC_WARN_UNDECLARED_SELECTOR = YES;
				GCC_WARN_UNINITIALIZED_AUTOS = YES_AGGRESSIVE;
				GCC_WARN_UNUSED_FUNCTION = YES;
				GCC_WARN_UNUSED_VARIABLE = YES;
				LOCALIZATION_PREFERS_STRING_CATALOGS = YES;
				MACOSX_DEPLOYMENT_TARGET = 15.5;
				MTL_ENABLE_DEBUG_INFO = NO;
				MTL_FAST_MATH = YES;
				SDKROOT = macosx;
				SWIFT_COMPILATION_MODE = wholemodule;
			};
			name = Release;
		};
		A0E35D362E824FC90028D792 /* Debug */ = {
			isa = XCBuildConfiguration;
			buildSettings = {
				ASSETCATALOG_COMPILER_APPICON_NAME = AppIcon;
				ASSETCATALOG_COMPILER_GLOBAL_ACCENT_COLOR_NAME = AccentColor;
				CODE_SIGN_ENTITLEMENTS = vibecare/vibecare.entitlements;
				CODE_SIGN_STYLE = Automatic;
				COMBINE_HIDPI_IMAGES = YES;
				CURRENT_PROJECT_VERSION = 1;
				DEVELOPMENT_TEAM = 8KWZZVH3YS;
				ENABLE_HARDENED_RUNTIME = YES;
				ENABLE_PREVIEWS = YES;
				GENERATE_INFOPLIST_FILE = YES;
				INFOPLIST_KEY_NSHumanReadableCopyright = "";
				LD_RUNPATH_SEARCH_PATHS = (
					"$(inherited)",
					"@executable_path/../Frameworks",
				);
				MARKETING_VERSION = 1.0;
				PRODUCT_BUNDLE_IDENTIFIER = io.vibecare.App.vibecare;
				PRODUCT_NAME = "$(TARGET_NAME)";
				REGISTER_APP_GROUPS = YES;
				SWIFT_EMIT_LOC_STRINGS = YES;
				SWIFT_VERSION = 5.0;
			};
			name = Debug;
		};
		A0E35D372E824FC90028D792 /* Release */ = {
			isa = XCBuildConfiguration;
			buildSettings = {
				ASSETCATALOG_COMPILER_APPICON_NAME = AppIcon;
				ASSETCATALOG_COMPILER_GLOBAL_ACCENT_COLOR_NAME = AccentColor;
				CODE_SIGN_ENTITLEMENTS = vibecare/vibecare.entitlements;
				CODE_SIGN_STYLE = Automatic;
				COMBINE_HIDPI_IMAGES = YES;
				CURRENT_PROJECT_VERSION = 1;
				DEVELOPMENT_TEAM = 8KWZZVH3YS;
				ENABLE_HARDENED_RUNTIME = YES;
				ENABLE_PREVIEWS = YES;
				GENERATE_INFOPLIST_FILE = YES;
				INFOPLIST_KEY_NSHumanReadableCopyright = "";
				LD_RUNPATH_SEARCH_PATHS = (
					"$(inherited)",
					"@executable_path/../Frameworks",
				);
				MARKETING_VERSION = 1.0;
				PRODUCT_BUNDLE_IDENTIFIER = io.vibecare.App.vibecare;
				PRODUCT_NAME = "$(TARGET_NAME)";
				REGISTER_APP_GROUPS = YES;
				SWIFT_EMIT_LOC_STRINGS = YES;
				SWIFT_VERSION = 5.0;
			};
			name = Release;
		};
		A0E35D392E824FC90028D792 /* Debug */ = {
			isa = XCBuildConfiguration;
			buildSettings = {
				BUNDLE_LOADER = "$(TEST_HOST)";
				CODE_SIGN_STYLE = Automatic;
				CURRENT_PROJECT_VERSION = 1;
				DEVELOPMENT_TEAM = 8KWZZVH3YS;
				GENERATE_INFOPLIST_FILE = YES;
				MACOSX_DEPLOYMENT_TARGET = 15.5;
				MARKETING_VERSION = 1.0;
				PRODUCT_BUNDLE_IDENTIFIER = io.vibecare.App.vibecareTests;
				PRODUCT_NAME = "$(TARGET_NAME)";
				SWIFT_EMIT_LOC_STRINGS = NO;
				SWIFT_VERSION = 5.0;
				TEST_HOST = "$(BUILT_PRODUCTS_DIR)/vibecare.app/$(BUNDLE_EXECUTABLE_FOLDER_PATH)/vibecare";
			};
			name = Debug;
		};
		A0E35D3A2E824FC90028D792 /* Release */ = {
			isa = XCBuildConfiguration;
			buildSettings = {
				BUNDLE_LOADER = "$(TEST_HOST)";
				CODE_SIGN_STYLE = Automatic;
				CURRENT_PROJECT_VERSION = 1;
				DEVELOPMENT_TEAM = 8KWZZVH3YS;
				GENERATE_INFOPLIST_FILE = YES;
				MACOSX_DEPLOYMENT_TARGET = 15.5;
				MARKETING_VERSION = 1.0;
				PRODUCT_BUNDLE_IDENTIFIER = io.vibecare.App.vibecareTests;
				PRODUCT_NAME = "$(TARGET_NAME)";
				SWIFT_EMIT_LOC_STRINGS = NO;
				SWIFT_VERSION = 5.0;
				TEST_HOST = "$(BUILT_PRODUCTS_DIR)/vibecare.app/$(BUNDLE_EXECUTABLE_FOLDER_PATH)/vibecare";
			};
			name = Release;
		};
		A0E35D3C2E824FC90028D792 /* Debug */ = {
			isa = XCBuildConfiguration;
			buildSettings = {
				CODE_SIGN_STYLE = Automatic;
				CURRENT_PROJECT_VERSION = 1;
				DEVELOPMENT_TEAM = 8KWZZVH3YS;
				GENERATE_INFOPLIST_FILE = YES;
				MARKETING_VERSION = 1.0;
				PRODUCT_BUNDLE_IDENTIFIER = io.vibecare.App.vibecareUITests;
				PRODUCT_NAME = "$(TARGET_NAME)";
				SWIFT_EMIT_LOC_STRINGS = NO;
				SWIFT_VERSION = 5.0;
				TEST_TARGET_NAME = vibecare;
			};
			name = Debug;
		};
		A0E35D3D2E824FC90028D792 /* Release */ = {
			isa = XCBuildConfiguration;
			buildSettings = {
				CODE_SIGN_STYLE = Automatic;
				CURRENT_PROJECT_VERSION = 1;
				DEVELOPMENT_TEAM = 8KWZZVH3YS;
				GENERATE_INFOPLIST_FILE = YES;
				MARKETING_VERSION = 1.0;
				PRODUCT_BUNDLE_IDENTIFIER = io.vibecare.App.vibecareUITests;
				PRODUCT_NAME = "$(TARGET_NAME)";
				SWIFT_EMIT_LOC_STRINGS = NO;
				SWIFT_VERSION = 5.0;
				TEST_TARGET_NAME = vibecare;
			};
			name = Release;
		};
/* End XCBuildConfiguration section */

/* Begin XCConfigurationList section */
		A0E35D0E2E824FC80028D792 /* Build configuration list for PBXProject "vibecare" */ = {
			isa = XCConfigurationList;
			buildConfigurations = (
				A0E35D332E824FC90028D792 /* Debug */,
				A0E35D342E824FC90028D792 /* Release */,
			);
			defaultConfigurationIsVisible = 0;
			defaultConfigurationName = Release;
		};
		A0E35D352E824FC90028D792 /* Build configuration list for PBXNativeTarget "vibecare" */ = {
			isa = XCConfigurationList;
			buildConfigurations = (
				A0E35D362E824FC90028D792 /* Debug */,
				A0E35D372E824FC90028D792 /* Release */,
			);
			defaultConfigurationIsVisible = 0;
			defaultConfigurationName = Release;
		};
		A0E35D382E824FC90028D792 /* Build configuration list for PBXNativeTarget "vibecareTests" */ = {
			isa = XCConfigurationList;
			buildConfigurations = (
				A0E35D392E824FC90028D792 /* Debug */,
				A0E35D3A2E824FC90028D792 /* Release */,
			);
			defaultConfigurationIsVisible = 0;
			defaultConfigurationName = Release;
		};
		A0E35D3B2E824FC90028D792 /* Build configuration list for PBXNativeTarget "vibecareUITests" */ = {
			isa = XCConfigurationList;
			buildConfigurations = (
				A0E35D3C2E824FC90028D792 /* Debug */,
				A0E35D3D2E824FC90028D792 /* Release */,
			);
			defaultConfigurationIsVisible = 0;
			defaultConfigurationName = Release;
		};
/* End XCConfigurationList section */

/* Begin XCLocalSwiftPackageReference section */
		A06264262E899CC500338507 /* XCLocalSwiftPackageReference "../VibeCare" */ = {
			isa = XCLocalSwiftPackageReference;
			relativePath = ../VibeCare;
		};
/* End XCLocalSwiftPackageReference section */

/* Begin XCRemoteSwiftPackageReference section */
		A06267162E918AA900338507 /* XCRemoteSwiftPackageReference "opentelemetry-swift-core" */ = {
			isa = XCRemoteSwiftPackageReference;
			repositoryURL = "https://github.com/open-telemetry/opentelemetry-swift-core";
			requirement = {
				kind = upToNextMajorVersion;
				minimumVersion = 2.2.0;
			};
		};
		A06267222E918B0E00338507 /* XCRemoteSwiftPackageReference "opentelemetry-swift" */ = {
			isa = XCRemoteSwiftPackageReference;
			repositoryURL = "https://github.com/open-telemetry/opentelemetry-swift.git";
			requirement = {
				kind = upToNextMajorVersion;
				minimumVersion = 2.2.0;
			};
		};
		A069562E2E8613C7007838E7 /* XCRemoteSwiftPackageReference "grpc-swift-2" */ = {
			isa = XCRemoteSwiftPackageReference;
			repositoryURL = "https://github.com/grpc/grpc-swift-2.git";
			requirement = {
				kind = upToNextMajorVersion;
				minimumVersion = 2.1.0;
			};
		};
		A06956352E8613E7007838E7 /* XCRemoteSwiftPackageReference "grpc-swift-nio-transport" */ = {
			isa = XCRemoteSwiftPackageReference;
			repositoryURL = "https://github.com/grpc/grpc-swift-nio-transport.git";
			requirement = {
				kind = upToNextMajorVersion;
				minimumVersion = 2.2.0;
			};
		};
		A069563C2E861449007838E7 /* XCRemoteSwiftPackageReference "swift-protobuf" */ = {
			isa = XCRemoteSwiftPackageReference;
			repositoryURL = "https://github.com/apple/swift-protobuf.git";
			requirement = {
				kind = upToNextMajorVersion;
				minimumVersion = 1.31.1;
			};
		};
		A06956452E86145B007838E7 /* XCRemoteSwiftPackageReference "grpc-swift-protobuf" */ = {
			isa = XCRemoteSwiftPackageReference;
			repositoryURL = "https://github.com/grpc/grpc-swift-protobuf.git";
			requirement = {
				kind = upToNextMajorVersion;
				minimumVersion = 2.1.1;
			};
		};
/* End XCRemoteSwiftPackageReference section */

/* Begin XCSwiftPackageProductDependency section */
		A06264272E899CC500338507 /* VCStubs */ = {
			isa = XCSwiftPackageProductDependency;
			productName = VCStubs;
		};
		A06267172E918AA900338507 /* OpenTelemetryApi */ = {
			isa = XCSwiftPackageProductDependency;
			package = A06267162E918AA900338507 /* XCRemoteSwiftPackageReference "opentelemetry-swift-core" */;
			productName = OpenTelemetryApi;
		};
		A06267192E918AA900338507 /* OpenTelemetryConcurrency */ = {
			isa = XCSwiftPackageProductDependency;
			package = A06267162E918AA900338507 /* XCRemoteSwiftPackageReference "opentelemetry-swift-core" */;
			productName = OpenTelemetryConcurrency;
		};
		A062671B2E918AA900338507 /* OpenTelemetrySdk */ = {
			isa = XCSwiftPackageProductDependency;
			package = A06267162E918AA900338507 /* XCRemoteSwiftPackageReference "opentelemetry-swift-core" */;
			productName = OpenTelemetrySdk;
		};
		A062671D2E918AA900338507 /* StdoutExporter */ = {
			isa = XCSwiftPackageProductDependency;
			package = A06267162E918AA900338507 /* XCRemoteSwiftPackageReference "opentelemetry-swift-core" */;
			productName = StdoutExporter;
		};
		A062671F2E918AA900338507 /* ConcurrencyContext */ = {
			isa = XCSwiftPackageProductDependency;
			package = A06267162E918AA900338507 /* XCRemoteSwiftPackageReference "opentelemetry-swift-core" */;
			productName = ConcurrencyContext;
		};
		A06267232E918B0E00338507 /* BaggagePropagationProcessor */ = {
			isa = XCSwiftPackageProductDependency;
			package = A06267222E918B0E00338507 /* XCRemoteSwiftPackageReference "opentelemetry-swift" */;
			productName = BaggagePropagationProcessor;
		};
		A06267252E918B0E00338507 /* InMemoryExporter */ = {
			isa = XCSwiftPackageProductDependency;
			package = A06267222E918B0E00338507 /* XCRemoteSwiftPackageReference "opentelemetry-swift" */;
			productName = InMemoryExporter;
		};
		A06267272E918B0E00338507 /* JaegerExporter */ = {
			isa = XCSwiftPackageProductDependency;
			package = A06267222E918B0E00338507 /* XCRemoteSwiftPackageReference "opentelemetry-swift" */;
			productName = JaegerExporter;
		};
		A06267292E918B0E00338507 /* NetworkStatus */ = {
			isa = XCSwiftPackageProductDependency;
			package = A06267222E918B0E00338507 /* XCRemoteSwiftPackageReference "opentelemetry-swift" */;
			productName = NetworkStatus;
		};
		A062672B2E918B0E00338507 /* OTelSwiftLog */ = {
			isa = XCSwiftPackageProductDependency;
			package = A06267222E918B0E00338507 /* XCRemoteSwiftPackageReference "opentelemetry-swift" */;
			productName = OTelSwiftLog;
		};
		A062672D2E918B2400338507 /* OpenTelemetryProtocolExporterHTTP */ = {
			isa = XCSwiftPackageProductDependency;
			package = A06267222E918B0E00338507 /* XCRemoteSwiftPackageReference "opentelemetry-swift" */;
			productName = OpenTelemetryProtocolExporterHTTP;
		};
		A069562F2E8613C7007838E7 /* GRPCCodeGen */ = {
			isa = XCSwiftPackageProductDependency;
			package = A069562E2E8613C7007838E7 /* XCRemoteSwiftPackageReference "grpc-swift-2" */;
			productName = GRPCCodeGen;
		};
		A06956332E8613C7007838E7 /* GRPCInProcessTransport */ = {
			isa = XCSwiftPackageProductDependency;
			package = A069562E2E8613C7007838E7 /* XCRemoteSwiftPackageReference "grpc-swift-2" */;
			productName = GRPCInProcessTransport;
		};
		A06956362E8613E7007838E7 /* GRPCNIOTransportHTTP2 */ = {
			isa = XCSwiftPackageProductDependency;
			package = A06956352E8613E7007838E7 /* XCRemoteSwiftPackageReference "grpc-swift-nio-transport" */;
			productName = GRPCNIOTransportHTTP2;
		};
		A06956382E8613E7007838E7 /* GRPCNIOTransportHTTP2Posix */ = {
			isa = XCSwiftPackageProductDependency;
			package = A06956352E8613E7007838E7 /* XCRemoteSwiftPackageReference "grpc-swift-nio-transport" */;
			productName = GRPCNIOTransportHTTP2Posix;
		};
		A069563A2E8613E7007838E7 /* GRPCNIOTransportHTTP2TransportServices */ = {
			isa = XCSwiftPackageProductDependency;
			package = A06956352E8613E7007838E7 /* XCRemoteSwiftPackageReference "grpc-swift-nio-transport" */;
			productName = GRPCNIOTransportHTTP2TransportServices;
		};
		A069563D2E861449007838E7 /* SwiftProtobuf */ = {
			isa = XCSwiftPackageProductDependency;
			package = A069563C2E861449007838E7 /* XCRemoteSwiftPackageReference "swift-protobuf" */;
			productName = SwiftProtobuf;
		};
		A069563F2E861449007838E7 /* SwiftProtobufPluginLibrary */ = {
			isa = XCSwiftPackageProductDependency;
			package = A069563C2E861449007838E7 /* XCRemoteSwiftPackageReference "swift-protobuf" */;
			productName = SwiftProtobufPluginLibrary;
		};
		A06956462E86145B007838E7 /* GRPCProtobuf */ = {
			isa = XCSwiftPackageProductDependency;
			package = A06956452E86145B007838E7 /* XCRemoteSwiftPackageReference "grpc-swift-protobuf" */;
			productName = GRPCProtobuf;
		};
		A06956482E86145B007838E7 /* protoc-gen-grpc-swift-2 */ = {
			isa = XCSwiftPackageProductDependency;
			package = A06956452E86145B007838E7 /* XCRemoteSwiftPackageReference "grpc-swift-protobuf" */;
			productName = "protoc-gen-grpc-swift-2";
		};
/* End XCSwiftPackageProductDependency section */
	};
	rootObject = A0E35D0B2E824FC80028D792 /* Project object */;
}
